
Microsoft Visual Studio Solution File, Format Version 12.00
Project("{FAE04EC0-301F-11D3-BF4B-00C04F79EFBC}") = "CleanArchitectureTemplateGenerator", "src\backend\CleanArchitectureTemplateGenerator\CleanArchitectureTemplateGenerator.csproj", "{1B4FE07D-E5D7-4719-BD79-78656739E341}"
EndProject
Project("{FAE04EC0-301F-11D3-BF4B-00C04F79EFBC}") = "CleanArchitectureTemplateGenerator.Core", "src\backend\CleanArchitectureTemplateGenerator.Core\CleanArchitectureTemplateGenerator.Core.csproj", "{615F2E2E-6238-4043-AC8D-43066DE51038}"
EndProject
Project("{2150E333-8FDC-42A3-9474-1A3956D46DE8}") = "src", "src", "{392E039A-78AB-4A64-B041-30E726E5E0AA}"
EndProject
Project("{2150E333-8FDC-42A3-9474-1A3956D46DE8}") = "tests", "tests", "{86BE6BBD-FA33-4496-BC4B-E9CA280446AE}"
EndProject
Project("{FAE04EC0-301F-11D3-BF4B-00C04F79EFBC}") = "CleanArchitectureTemplateGenerator.Unit.Tests", "tests\CleanArchitectureTemplateGenerator.Unit.Tests\CleanArchitectureTemplateGenerator.Unit.Tests.csproj", "{633FEBF4-F9BF-44A2-911D-C7C4D4F759C5}"
EndProject
Project("{FAE04EC0-301F-11D3-BF4B-00C04F79EFBC}") = "CleanArchitectureTemplateGenerator.Integration.Tests", "tests\CleanArchitectureTemplateGenerator.Integration.Tests\CleanArchitectureTemplateGenerator.Integration.Tests.csproj", "{CAD7CB80-9049-462B-9046-63A613E7EBB2}"
EndProject
Project("{2150E333-8FDC-42A3-9474-1A3956D46DE8}") = "backend", "backend", "{1BEE860F-9B03-49EC-9F2E-1B4EE02358D0}"
EndProject
Project("{2150E333-8FDC-42A3-9474-1A3956D46DE8}") = "frontend", "frontend", "{19BF08A1-C82F-41A6-B78D-80AE0C446008}"
EndProject
Project("{54A90642-561A-4BB1-A94E-469ADEE60C69}") = "clean-architecture-generator", "src\frontend\clean-architecture-generator\clean-architecture-generator.esproj", "{5B3FD048-9F33-4797-B1EF-2E4DA9B663DE}"
EndProject
Global
	GlobalSection(SolutionConfigurationPlatforms) = preSolution
		Debug|Any CPU = Debug|Any CPU
		Release|Any CPU = Release|Any CPU
	EndGlobalSection
	GlobalSection(ProjectConfigurationPlatforms) = postSolution
		{1B4FE07D-E5D7-4719-BD79-78656739E341}.Debug|Any CPU.ActiveCfg = Debug|Any CPU
		{1B4FE07D-E5D7-4719-BD79-78656739E341}.Debug|Any CPU.Build.0 = Debug|Any CPU
		{1B4FE07D-E5D7-4719-BD79-78656739E341}.Release|Any CPU.ActiveCfg = Release|Any CPU
		{1B4FE07D-E5D7-4719-BD79-78656739E341}.Release|Any CPU.Build.0 = Release|Any CPU
		{615F2E2E-6238-4043-AC8D-43066DE51038}.Debug|Any CPU.ActiveCfg = Debug|Any CPU
		{615F2E2E-6238-4043-AC8D-43066DE51038}.Debug|Any CPU.Build.0 = Debug|Any CPU
		{615F2E2E-6238-4043-AC8D-43066DE51038}.Release|Any CPU.ActiveCfg = Release|Any CPU
		{615F2E2E-6238-4043-AC8D-43066DE51038}.Release|Any CPU.Build.0 = Release|Any CPU
		{633FEBF4-F9BF-44A2-911D-C7C4D4F759C5}.Debug|Any CPU.ActiveCfg = Debug|Any CPU
		{633FEBF4-F9BF-44A2-911D-C7C4D4F759C5}.Debug|Any CPU.Build.0 = Debug|Any CPU
		{633FEBF4-F9BF-44A2-911D-C7C4D4F759C5}.Release|Any CPU.ActiveCfg = Release|Any CPU
		{633FEBF4-F9BF-44A2-911D-C7C4D4F759C5}.Release|Any CPU.Build.0 = Release|Any CPU
		{CAD7CB80-9049-462B-9046-63A613E7EBB2}.Debug|Any CPU.ActiveCfg = Debug|Any CPU
		{CAD7CB80-9049-462B-9046-63A613E7EBB2}.Debug|Any CPU.Build.0 = Debug|Any CPU
		{CAD7CB80-9049-462B-9046-63A613E7EBB2}.Release|Any CPU.ActiveCfg = Release|Any CPU
		{CAD7CB80-9049-462B-9046-63A613E7EBB2}.Release|Any CPU.Build.0 = Release|Any CPU
		{5B3FD048-9F33-4797-B1EF-2E4DA9B663DE}.Debug|Any CPU.ActiveCfg = Debug|Any CPU
		{5B3FD048-9F33-4797-B1EF-2E4DA9B663DE}.Debug|Any CPU.Build.0 = Debug|Any CPU
		{5B3FD048-9F33-4797-B1EF-2E4DA9B663DE}.Release|Any CPU.ActiveCfg = Debug|Any CPU
		{5B3FD048-9F33-4797-B1EF-2E4DA9B663DE}.Release|Any CPU.Build.0 = Debug|Any CPU
	EndGlobalSection
	GlobalSection(NestedProjects) = preSolution
		{633FEBF4-F9BF-44A2-911D-C7C4D4F759C5} = {86BE6BBD-FA33-4496-BC4B-E9CA280446AE}
		{CAD7CB80-9049-462B-9046-63A613E7EBB2} = {86BE6BBD-FA33-4496-BC4B-E9CA280446AE}
		{1BEE860F-9B03-49EC-9F2E-1B4EE02358D0} = {392E039A-78AB-4A64-B041-30E726E5E0AA}
		{1B4FE07D-E5D7-4719-BD79-78656739E341} = {1BEE860F-9B03-49EC-9F2E-1B4EE02358D0}
		{615F2E2E-6238-4043-AC8D-43066DE51038} = {1BEE860F-9B03-49EC-9F2E-1B4EE02358D0}
		{19BF08A1-C82F-41A6-B78D-80AE0C446008} = {392E039A-78AB-4A64-B041-30E726E5E0AA}
		{5B3FD048-9F33-4797-B1EF-2E4DA9B663DE} = {19BF08A1-C82F-41A6-B78D-80AE0C446008}
	EndGlobalSection
EndGlobal
